
Microsoft Visual Studio Solution File, Format Version 12.00
# Visual Studio Version 17
VisualStudioVersion = 17.4.33205.214
MinimumVisualStudioVersion = 10.0.40219.1
Project("{FAE04EC0-301F-11D3-BF4B-00C04F79EFBC}") = "Libro", "Libro\Libro.csproj", "{ED5FD283-8BD5-4C88-9F06-0D1534587374}"
EndProject
Project("{FAE04EC0-301F-11D3-BF4B-00C04F79EFBC}") = "Biblioteca", "Biblioteca\Biblioteca.csproj", "{3671682E-B878-4578-BCE1-533E5BAEBC92}"
EndProject
Global
	GlobalSection(SolutionConfigurationPlatforms) = preSolution
		Debug|Any CPU = Debug|Any CPU
		Release|Any CPU = Release|Any CPU
	EndGlobalSection
	GlobalSection(ProjectConfigurationPlatforms) = postSolution
		{ED5FD283-8BD5-4C88-9F06-0D1534587374}.Debug|Any CPU.ActiveCfg = Debug|Any CPU
		{ED5FD283-8BD5-4C88-9F06-0D1534587374}.Debug|Any CPU.Build.0 = Debug|Any CPU
		{ED5FD283-8BD5-4C88-9F06-0D1534587374}.Release|Any CPU.ActiveCfg = Release|Any CPU
		{ED5FD283-8BD5-4C88-9F06-0D1534587374}.Release|Any CPU.Build.0 = Release|Any CPU
		{3671682E-B878-4578-BCE1-533E5BAEBC92}.Debug|Any CPU.ActiveCfg = Debug|Any CPU
		{3671682E-B878-4578-BCE1-533E5BAEBC92}.Debug|Any CPU.Build.0 = Debug|Any CPU
		{3671682E-B878-4578-BCE1-533E5BAEBC92}.Release|Any CPU.ActiveCfg = Release|Any CPU
		{3671682E-B878-4578-BCE1-533E5BAEBC92}.Release|Any CPU.Build.0 = Release|Any CPU
	EndGlobalSection
	GlobalSection(SolutionProperties) = preSolution
		HideSolutionNode = FALSE
	EndGlobalSection
	GlobalSection(ExtensibilityGlobals) = postSolution
		SolutionGuid = {6BF8F9ED-9E96-4587-84F8-3CC32A5FDE69}
	EndGlobalSection
EndGlobal
