
Microsoft Visual Studio Solution File, Format Version 12.00
# Visual Studio Version 17
VisualStudioVersion = 17.4.33205.214
MinimumVisualStudioVersion = 10.0.40219.1
Project("{FAE04EC0-301F-11D3-BF4B-00C04F79EFBC}") = "Puesto_de_atencion", "Puesto_de_atencion\Puesto_de_atencion.csproj", "{8F285416-5DF6-41A0-AF3E-54A16BE0E1E0}"
EndProject
Project("{FAE04EC0-301F-11D3-BF4B-00C04F79EFBC}") = "Biblioteca", "Biblioteca\Biblioteca.csproj", "{574D589C-E141-4C9D-994F-D27A824BED5B}"
EndProject
Global
	GlobalSection(SolutionConfigurationPlatforms) = preSolution
		Debug|Any CPU = Debug|Any CPU
		Release|Any CPU = Release|Any CPU
	EndGlobalSection
	GlobalSection(ProjectConfigurationPlatforms) = postSolution
		{8F285416-5DF6-41A0-AF3E-54A16BE0E1E0}.Debug|Any CPU.ActiveCfg = Debug|Any CPU
		{8F285416-5DF6-41A0-AF3E-54A16BE0E1E0}.Debug|Any CPU.Build.0 = Debug|Any CPU
		{8F285416-5DF6-41A0-AF3E-54A16BE0E1E0}.Release|Any CPU.ActiveCfg = Release|Any CPU
		{8F285416-5DF6-41A0-AF3E-54A16BE0E1E0}.Release|Any CPU.Build.0 = Release|Any CPU
		{574D589C-E141-4C9D-994F-D27A824BED5B}.Debug|Any CPU.ActiveCfg = Debug|Any CPU
		{574D589C-E141-4C9D-994F-D27A824BED5B}.Debug|Any CPU.Build.0 = Debug|Any CPU
		{574D589C-E141-4C9D-994F-D27A824BED5B}.Release|Any CPU.ActiveCfg = Release|Any CPU
		{574D589C-E141-4C9D-994F-D27A824BED5B}.Release|Any CPU.Build.0 = Release|Any CPU
	EndGlobalSection
	GlobalSection(SolutionProperties) = preSolution
		HideSolutionNode = FALSE
	EndGlobalSection
	GlobalSection(ExtensibilityGlobals) = postSolution
		SolutionGuid = {E0D030AD-D3F6-4157-BE77-79B5844AEE74}
	EndGlobalSection
EndGlobal
