
Microsoft Visual Studio Solution File, Format Version 12.00
# Visual Studio Version 17
VisualStudioVersion = 17.4.33205.214
MinimumVisualStudioVersion = 10.0.40219.1
Project("{FAE04EC0-301F-11D3-BF4B-00C04F79EFBC}") = "Sobrecarga_I02", "Sobrecarga_I02\Sobrecarga_I02.csproj", "{C484945A-C552-4C62-964C-B6564EFBA793}"
EndProject
Global
	GlobalSection(SolutionConfigurationPlatforms) = preSolution
		Debug|Any CPU = Debug|Any CPU
		Release|Any CPU = Release|Any CPU
	EndGlobalSection
	GlobalSection(ProjectConfigurationPlatforms) = postSolution
		{C484945A-C552-4C62-964C-B6564EFBA793}.Debug|Any CPU.ActiveCfg = Debug|Any CPU
		{C484945A-C552-4C62-964C-B6564EFBA793}.Debug|Any CPU.Build.0 = Debug|Any CPU
		{C484945A-C552-4C62-964C-B6564EFBA793}.Release|Any CPU.ActiveCfg = Release|Any CPU
		{C484945A-C552-4C62-964C-B6564EFBA793}.Release|Any CPU.Build.0 = Release|Any CPU
	EndGlobalSection
	GlobalSection(SolutionProperties) = preSolution
		HideSolutionNode = FALSE
	EndGlobalSection
	GlobalSection(ExtensibilityGlobals) = postSolution
		SolutionGuid = {82C0130B-AC52-479A-9F66-81DAF4E50C0C}
	EndGlobalSection
EndGlobal
