
Microsoft Visual Studio Solution File, Format Version 12.00
# Visual Studio Version 17
VisualStudioVersion = 17.4.33205.214
MinimumVisualStudioVersion = 10.0.40219.1
Project("{FAE04EC0-301F-11D3-BF4B-00C04F79EFBC}") = "Viajar", "Viajar\Viajar.csproj", "{A71F9448-549A-4AA2-888B-A132CE4A5A6F}"
EndProject
Project("{FAE04EC0-301F-11D3-BF4B-00C04F79EFBC}") = "Biblioteca", "Biblioteca\Biblioteca.csproj", "{0D1137DC-8591-4420-9D92-C756F0936F90}"
EndProject
Global
	GlobalSection(SolutionConfigurationPlatforms) = preSolution
		Debug|Any CPU = Debug|Any CPU
		Release|Any CPU = Release|Any CPU
	EndGlobalSection
	GlobalSection(ProjectConfigurationPlatforms) = postSolution
		{A71F9448-549A-4AA2-888B-A132CE4A5A6F}.Debug|Any CPU.ActiveCfg = Debug|Any CPU
		{A71F9448-549A-4AA2-888B-A132CE4A5A6F}.Debug|Any CPU.Build.0 = Debug|Any CPU
		{A71F9448-549A-4AA2-888B-A132CE4A5A6F}.Release|Any CPU.ActiveCfg = Release|Any CPU
		{A71F9448-549A-4AA2-888B-A132CE4A5A6F}.Release|Any CPU.Build.0 = Release|Any CPU
		{0D1137DC-8591-4420-9D92-C756F0936F90}.Debug|Any CPU.ActiveCfg = Debug|Any CPU
		{0D1137DC-8591-4420-9D92-C756F0936F90}.Debug|Any CPU.Build.0 = Debug|Any CPU
		{0D1137DC-8591-4420-9D92-C756F0936F90}.Release|Any CPU.ActiveCfg = Release|Any CPU
		{0D1137DC-8591-4420-9D92-C756F0936F90}.Release|Any CPU.Build.0 = Release|Any CPU
	EndGlobalSection
	GlobalSection(SolutionProperties) = preSolution
		HideSolutionNode = FALSE
	EndGlobalSection
	GlobalSection(ExtensibilityGlobals) = postSolution
		SolutionGuid = {720AADAF-D07E-477F-AF26-CF34499A5048}
	EndGlobalSection
EndGlobal
